
Microsoft Visual Studio Solution File, Format Version 12.00
# Visual Studio 2012
Project("{FAE04EC0-301F-11D3-BF4B-00C04F79EFBC}") = "Calc", "Calc.csproj", "{041D6DD7-4325-45E0-9CDF-3EB2AD733F55}"
EndProject
Global
	GlobalSection(SolutionConfigurationPlatforms) = preSolution
		Debug|x86 = Debug|x86
		Release|x86 = Release|x86
	EndGlobalSection
	GlobalSection(ProjectConfigurationPlatforms) = postSolution
		{041D6DD7-4325-45E0-9CDF-3EB2AD733F55}.Debug|x86.ActiveCfg = Debug|x86
		{041D6DD7-4325-45E0-9CDF-3EB2AD733F55}.Debug|x86.Build.0 = Debug|x86
		{041D6DD7-4325-45E0-9CDF-3EB2AD733F55}.Release|x86.ActiveCfg = Release|x86
		{041D6DD7-4325-45E0-9CDF-3EB2AD733F55}.Release|x86.Build.0 = Release|x86
	EndGlobalSection
	GlobalSection(MonoDevelopProperties) = preSolution
		Policies = $0
		$0.VersionControlPolicy = $1
		$1.inheritsSet = Mono
	EndGlobalSection
EndGlobal
